
Microsoft Visual Studio Solution File, Format Version 12.00
# Visual Studio Version 17
VisualStudioVersion = 17.0.31912.275
MinimumVisualStudioVersion = 10.0.40219.1
Project("{FAE04EC0-301F-11D3-BF4B-00C04F79EFBC}") = "ConsoleAppForWhileDoWhile", "ConsoleAppForWhileDoWhile\ConsoleAppForWhileDoWhile.csproj", "{D34F7F20-18E9-4CB2-8C76-D49E21204F12}"
EndProject
Global
	GlobalSection(SolutionConfigurationPlatforms) = preSolution
		Debug|Any CPU = Debug|Any CPU
		Release|Any CPU = Release|Any CPU
	EndGlobalSection
	GlobalSection(ProjectConfigurationPlatforms) = postSolution
		{D34F7F20-18E9-4CB2-8C76-D49E21204F12}.Debug|Any CPU.ActiveCfg = Debug|Any CPU
		{D34F7F20-18E9-4CB2-8C76-D49E21204F12}.Debug|Any CPU.Build.0 = Debug|Any CPU
		{D34F7F20-18E9-4CB2-8C76-D49E21204F12}.Release|Any CPU.ActiveCfg = Release|Any CPU
		{D34F7F20-18E9-4CB2-8C76-D49E21204F12}.Release|Any CPU.Build.0 = Release|Any CPU
	EndGlobalSection
	GlobalSection(SolutionProperties) = preSolution
		HideSolutionNode = FALSE
	EndGlobalSection
	GlobalSection(ExtensibilityGlobals) = postSolution
		SolutionGuid = {5643EFC5-0C87-411D-8463-095ABA48E22C}
	EndGlobalSection
EndGlobal
